
Microsoft Visual Studio Solution File, Format Version 12.00
# Visual Studio 15
VisualStudioVersion = 15.0.26403.3
MinimumVisualStudioVersion = 10.0.40219.1
Project("{FAE04EC0-301F-11D3-BF4B-00C04F79EFBC}") = "com.ebao.gs.ebaocloud.sea.seg.vmi.sample", "com.ebao.gs.ebaocloud.sea.seg.vmi.sample\com.ebao.gs.ebaocloud.sea.seg.vmi.sample.csproj", "{F5861474-BC4F-4677-92FD-7D534C96AEF7}"
EndProject
Global
	GlobalSection(SolutionConfigurationPlatforms) = preSolution
		Debug|Any CPU = Debug|Any CPU
		Release|Any CPU = Release|Any CPU
	EndGlobalSection
	GlobalSection(ProjectConfigurationPlatforms) = postSolution
		{F5861474-BC4F-4677-92FD-7D534C96AEF7}.Debug|Any CPU.ActiveCfg = Debug|Any CPU
		{F5861474-BC4F-4677-92FD-7D534C96AEF7}.Debug|Any CPU.Build.0 = Debug|Any CPU
		{F5861474-BC4F-4677-92FD-7D534C96AEF7}.Release|Any CPU.ActiveCfg = Release|Any CPU
		{F5861474-BC4F-4677-92FD-7D534C96AEF7}.Release|Any CPU.Build.0 = Release|Any CPU
	EndGlobalSection
	GlobalSection(SolutionProperties) = preSolution
		HideSolutionNode = FALSE
	EndGlobalSection
EndGlobal
